
Microsoft Visual Studio Solution File, Format Version 12.00
# Visual Studio Version 17
VisualStudioVersion = 17.9.34728.123
MinimumVisualStudioVersion = 10.0.40219.1
Project("{2150E333-8FDC-42A3-9474-1A3956D46DE8}") = "Rental", "Rental", "{C3AD9554-0E5C-486D-ACB9-56428F22A1E7}"
EndProject
Project("{2150E333-8FDC-42A3-9474-1A3956D46DE8}") = "Invoicing", "Invoicing", "{411CCFE3-650E-4DDB-A67A-FD60A0E29CCC}"
EndProject
Project("{2150E333-8FDC-42A3-9474-1A3956D46DE8}") = "Presentation", "Presentation", "{52055C6F-33BA-4320-9DB1-6D4656687C6D}"
EndProject
Project("{2150E333-8FDC-42A3-9474-1A3956D46DE8}") = "Infrastructure", "Infrastructure", "{D248FCC1-7356-4B10-971F-485B4FF1E4A6}"
EndProject
Project("{2150E333-8FDC-42A3-9474-1A3956D46DE8}") = "Core", "Core", "{4DF2AEDB-C862-4BF1-8BA6-D3F1663A1454}"
EndProject
Project("{9A19103F-16F7-4668-BE54-9A1E7A4F7556}") = "VacationHireInc.Rental.Infrastructure.Persistence", "Rental\Infrastructure\VacationHireInc.Rental.Infrastructure.Persistence\VacationHireInc.Rental.Infrastructure.Persistence.csproj", "{865E6425-26D1-4AD4-B667-897ECE2DA6CA}"
EndProject
Project("{FAE04EC0-301F-11D3-BF4B-00C04F79EFBC}") = "VacationHireInc.Rental.Core.Domain", "Rental\Core\VacationHireInc.Rental.Core.Domain\VacationHireInc.Rental.Core.Domain.csproj", "{F52FD56B-BCF8-4B89-8E27-8935EDF6F287}"
EndProject
Project("{FAE04EC0-301F-11D3-BF4B-00C04F79EFBC}") = "VacationHireInc.Rental.Core.Application", "Rental\Core\VacationHireInc.Rental.Core.Application\VacationHireInc.Rental.Core.Application.csproj", "{7119920D-548A-40DE-BCAF-8CC264106E14}"
EndProject
Project("{FAE04EC0-301F-11D3-BF4B-00C04F79EFBC}") = "VacationHireInc.Rental.Presentation.Api", "Rental\Presentation\VacationHireInc.Rental.Presentation.Api\VacationHireInc.Rental.Presentation.Api.csproj", "{0B7929C7-E578-46A6-B746-1AB91BB97DDF}"
EndProject
Project("{2150E333-8FDC-42A3-9474-1A3956D46DE8}") = "_SolutionItems", "_SolutionItems", "{FC534D3E-378D-4B3C-AAED-8A53DAA04012}"
	ProjectSection(SolutionItems) = preProject
		..\.dockerignore = ..\.dockerignore
		..\README.md = ..\README.md
	EndProjectSection
EndProject
Project("{2150E333-8FDC-42A3-9474-1A3956D46DE8}") = "docs", "docs", "{F023A725-92B8-49EB-838E-18490833B117}"
	ProjectSection(SolutionItems) = preProject
		..\.docs\Vacation hire inc - App level.svg = ..\.docs\Vacation hire inc - App level.svg
		..\.docs\Vacation hire inc - Data architecture.svg = ..\.docs\Vacation hire inc - Data architecture.svg
		..\.docs\API docs.md = ..\.docs\API docs.md
	EndProjectSection
EndProject
Project("{2150E333-8FDC-42A3-9474-1A3956D46DE8}") = "postman", "postman", "{78BC82EB-E498-4102-9527-91A0E93C8B75}"
	ProjectSection(SolutionItems) = preProject
		..\.postman\RentalAPI.postman_collection.json = ..\.postman\RentalAPI.postman_collection.json
	EndProjectSection
EndProject
Project("{FAE04EC0-301F-11D3-BF4B-00C04F79EFBC}") = "VacationHireInc.Invoicing.Api", "Invoicing\VacationHireInc.Invoicing.Api\VacationHireInc.Invoicing.Api.csproj", "{7D2541AD-4467-4CBD-AE74-4372586FAA61}"
EndProject
Global
	GlobalSection(SolutionConfigurationPlatforms) = preSolution
		Debug|Any CPU = Debug|Any CPU
		Release|Any CPU = Release|Any CPU
	EndGlobalSection
	GlobalSection(ProjectConfigurationPlatforms) = postSolution
		{865E6425-26D1-4AD4-B667-897ECE2DA6CA}.Debug|Any CPU.ActiveCfg = Debug|Any CPU
		{865E6425-26D1-4AD4-B667-897ECE2DA6CA}.Debug|Any CPU.Build.0 = Debug|Any CPU
		{865E6425-26D1-4AD4-B667-897ECE2DA6CA}.Release|Any CPU.ActiveCfg = Release|Any CPU
		{865E6425-26D1-4AD4-B667-897ECE2DA6CA}.Release|Any CPU.Build.0 = Release|Any CPU
		{F52FD56B-BCF8-4B89-8E27-8935EDF6F287}.Debug|Any CPU.ActiveCfg = Debug|Any CPU
		{F52FD56B-BCF8-4B89-8E27-8935EDF6F287}.Debug|Any CPU.Build.0 = Debug|Any CPU
		{F52FD56B-BCF8-4B89-8E27-8935EDF6F287}.Release|Any CPU.ActiveCfg = Release|Any CPU
		{F52FD56B-BCF8-4B89-8E27-8935EDF6F287}.Release|Any CPU.Build.0 = Release|Any CPU
		{7119920D-548A-40DE-BCAF-8CC264106E14}.Debug|Any CPU.ActiveCfg = Debug|Any CPU
		{7119920D-548A-40DE-BCAF-8CC264106E14}.Debug|Any CPU.Build.0 = Debug|Any CPU
		{7119920D-548A-40DE-BCAF-8CC264106E14}.Release|Any CPU.ActiveCfg = Release|Any CPU
		{7119920D-548A-40DE-BCAF-8CC264106E14}.Release|Any CPU.Build.0 = Release|Any CPU
		{0B7929C7-E578-46A6-B746-1AB91BB97DDF}.Debug|Any CPU.ActiveCfg = Debug|Any CPU
		{0B7929C7-E578-46A6-B746-1AB91BB97DDF}.Debug|Any CPU.Build.0 = Debug|Any CPU
		{0B7929C7-E578-46A6-B746-1AB91BB97DDF}.Release|Any CPU.ActiveCfg = Release|Any CPU
		{0B7929C7-E578-46A6-B746-1AB91BB97DDF}.Release|Any CPU.Build.0 = Release|Any CPU
		{7D2541AD-4467-4CBD-AE74-4372586FAA61}.Debug|Any CPU.ActiveCfg = Debug|Any CPU
		{7D2541AD-4467-4CBD-AE74-4372586FAA61}.Debug|Any CPU.Build.0 = Debug|Any CPU
		{7D2541AD-4467-4CBD-AE74-4372586FAA61}.Release|Any CPU.ActiveCfg = Release|Any CPU
		{7D2541AD-4467-4CBD-AE74-4372586FAA61}.Release|Any CPU.Build.0 = Release|Any CPU
	EndGlobalSection
	GlobalSection(SolutionProperties) = preSolution
		HideSolutionNode = FALSE
	EndGlobalSection
	GlobalSection(NestedProjects) = preSolution
		{52055C6F-33BA-4320-9DB1-6D4656687C6D} = {C3AD9554-0E5C-486D-ACB9-56428F22A1E7}
		{D248FCC1-7356-4B10-971F-485B4FF1E4A6} = {C3AD9554-0E5C-486D-ACB9-56428F22A1E7}
		{4DF2AEDB-C862-4BF1-8BA6-D3F1663A1454} = {C3AD9554-0E5C-486D-ACB9-56428F22A1E7}
		{865E6425-26D1-4AD4-B667-897ECE2DA6CA} = {D248FCC1-7356-4B10-971F-485B4FF1E4A6}
		{F52FD56B-BCF8-4B89-8E27-8935EDF6F287} = {4DF2AEDB-C862-4BF1-8BA6-D3F1663A1454}
		{7119920D-548A-40DE-BCAF-8CC264106E14} = {4DF2AEDB-C862-4BF1-8BA6-D3F1663A1454}
		{0B7929C7-E578-46A6-B746-1AB91BB97DDF} = {52055C6F-33BA-4320-9DB1-6D4656687C6D}
		{F023A725-92B8-49EB-838E-18490833B117} = {FC534D3E-378D-4B3C-AAED-8A53DAA04012}
		{78BC82EB-E498-4102-9527-91A0E93C8B75} = {FC534D3E-378D-4B3C-AAED-8A53DAA04012}
		{7D2541AD-4467-4CBD-AE74-4372586FAA61} = {411CCFE3-650E-4DDB-A67A-FD60A0E29CCC}
	EndGlobalSection
	GlobalSection(ExtensibilityGlobals) = postSolution
		SolutionGuid = {24457ED0-80C8-4391-BABC-B0D7F5B9BA05}
	EndGlobalSection
EndGlobal
